
Microsoft Visual Studio Solution File, Format Version 12.00
# Visual Studio Version 17
VisualStudioVersion = 17.6.33829.357
MinimumVisualStudioVersion = 10.0.40219.1
Project("{FAE04EC0-301F-11D3-BF4B-00C04F79EFBC}") = "PMS360", "PMS360\PMS360.csproj", "{BD5D636B-3E4D-4EB0-AD16-E921D0C859F3}"
EndProject
Project("{FAE04EC0-301F-11D3-BF4B-00C04F79EFBC}") = "PMSDataAccess", "PMSDataAccess\PMSDataAccess.csproj", "{544BF459-98F3-403F-9798-C826F017070C}"
EndProject
Project("{FAE04EC0-301F-11D3-BF4B-00C04F79EFBC}") = "PMSBusiness", "PMSBusiness\PMSBusiness.csproj", "{F82576AF-B8DA-4084-9CCB-C7936F06194D}"
EndProject
Project("{FAE04EC0-301F-11D3-BF4B-00C04F79EFBC}") = "PMSUtility", "PMSUtility\PMSUtility.csproj", "{E517C7B1-F8DF-498D-8122-D65DCD2B568F}"
EndProject
Project("{FAE04EC0-301F-11D3-BF4B-00C04F79EFBC}") = "PMSCommonEntities", "PMSCommonEntities\PMSCommonEntities.csproj", "{104F1E2C-9484-4978-AAB9-604FFCB3EF3D}"
EndProject
Global
	GlobalSection(SolutionConfigurationPlatforms) = preSolution
		Debug|Any CPU = Debug|Any CPU
		Release|Any CPU = Release|Any CPU
	EndGlobalSection
	GlobalSection(ProjectConfigurationPlatforms) = postSolution
		{BD5D636B-3E4D-4EB0-AD16-E921D0C859F3}.Debug|Any CPU.ActiveCfg = Debug|Any CPU
		{BD5D636B-3E4D-4EB0-AD16-E921D0C859F3}.Debug|Any CPU.Build.0 = Debug|Any CPU
		{BD5D636B-3E4D-4EB0-AD16-E921D0C859F3}.Release|Any CPU.ActiveCfg = Release|Any CPU
		{BD5D636B-3E4D-4EB0-AD16-E921D0C859F3}.Release|Any CPU.Build.0 = Release|Any CPU
		{544BF459-98F3-403F-9798-C826F017070C}.Debug|Any CPU.ActiveCfg = Debug|Any CPU
		{544BF459-98F3-403F-9798-C826F017070C}.Debug|Any CPU.Build.0 = Debug|Any CPU
		{544BF459-98F3-403F-9798-C826F017070C}.Release|Any CPU.ActiveCfg = Release|Any CPU
		{544BF459-98F3-403F-9798-C826F017070C}.Release|Any CPU.Build.0 = Release|Any CPU
		{F82576AF-B8DA-4084-9CCB-C7936F06194D}.Debug|Any CPU.ActiveCfg = Debug|Any CPU
		{F82576AF-B8DA-4084-9CCB-C7936F06194D}.Debug|Any CPU.Build.0 = Debug|Any CPU
		{F82576AF-B8DA-4084-9CCB-C7936F06194D}.Release|Any CPU.ActiveCfg = Release|Any CPU
		{F82576AF-B8DA-4084-9CCB-C7936F06194D}.Release|Any CPU.Build.0 = Release|Any CPU
		{E517C7B1-F8DF-498D-8122-D65DCD2B568F}.Debug|Any CPU.ActiveCfg = Debug|Any CPU
		{E517C7B1-F8DF-498D-8122-D65DCD2B568F}.Debug|Any CPU.Build.0 = Debug|Any CPU
		{E517C7B1-F8DF-498D-8122-D65DCD2B568F}.Release|Any CPU.ActiveCfg = Release|Any CPU
		{E517C7B1-F8DF-498D-8122-D65DCD2B568F}.Release|Any CPU.Build.0 = Release|Any CPU
		{104F1E2C-9484-4978-AAB9-604FFCB3EF3D}.Debug|Any CPU.ActiveCfg = Debug|Any CPU
		{104F1E2C-9484-4978-AAB9-604FFCB3EF3D}.Debug|Any CPU.Build.0 = Debug|Any CPU
		{104F1E2C-9484-4978-AAB9-604FFCB3EF3D}.Release|Any CPU.ActiveCfg = Release|Any CPU
		{104F1E2C-9484-4978-AAB9-604FFCB3EF3D}.Release|Any CPU.Build.0 = Release|Any CPU
	EndGlobalSection
	GlobalSection(SolutionProperties) = preSolution
		HideSolutionNode = FALSE
	EndGlobalSection
	GlobalSection(ExtensibilityGlobals) = postSolution
		SolutionGuid = {5E3881B2-233D-4BE8-A0F4-7E0F5EED3A49}
	EndGlobalSection
EndGlobal
